PODS:
  - ZoomTransitioning (1.0.0)

DEPENDENCIES:
  - ZoomTransitioning (from `../`)

EXTERNAL SOURCES:
  ZoomTransitioning:
    :path: "../"

SPEC CHECKSUMS:
  ZoomTransitioning: 5fd17bc7e8e06c78dcd693e05cde72e60d5d4901

PODFILE CHECKSUM: d37832a2b1ffc5220e789d16c56bf84dc0202605

COCOAPODS: 1.0.1
