PODS:
  - ZoomTransitioning (0.1.0)

DEPENDENCIES:
  - ZoomTransitioning (from `../`)

EXTERNAL SOURCES:
  ZoomTransitioning:
    :path: "../"

SPEC CHECKSUMS:
  ZoomTransitioning: de3128a796723ee03d52f7e63bb8a4e440816b20

PODFILE CHECKSUM: d37832a2b1ffc5220e789d16c56bf84dc0202605

COCOAPODS: 1.0.1
